[metadata]
lock_version = 2
declaration_hash_version = 1
declaration_hash = "sha256:5363bc17bbf25145bebeeadc976c0fc6971c640c2bb985e09eb015c83d57f23f"
generated_by = "ocx 0.4.1"
generated_at = "2026-07-05T17:09:51Z"

[[tool]]
name = "cli"
group = "default"
repository = "dev.ocx.sh/ocx/cli"

[tool.platforms]
"darwin/amd64" = "sha256:1fc04e1367f23315776f033567938fd5ea8ef75a49353d470ae5feb6296adfbf"
"darwin/arm64" = "sha256:e76c571198552f7600316b41be3b717a7bee6bd90cb18a8892432daf97333f48"
"linux/amd64" = "sha256:013954efd8068c400b10d7df920bf7b7288256185b6d4f6c994674f620b1c275"
"linux/arm64" = "sha256:0ccf60a61e2c6d277b5af6bc40bea9697665ea4f086d673001c2348377aa57d4"
"windows/amd64" = "sha256:668afab067ce18d64137ed93cf99feabd8054875e082bc4f89a3a3e3d637fe0b"
"windows/arm64" = "sha256:477715dc83a913f6393cf7480531fdef4112ccb22060e1c916c283f1080d9665"

[[tool]]
name = "mirror"
group = "default"
repository = "dev.ocx.sh/ocx/mirror"

[tool.platforms]
"darwin/amd64" = "sha256:73c7fe7fe55560fcd026b099dbe90e43a817e9bcbd04310a4f1ea69be8163e06"
"darwin/arm64" = "sha256:90b8ef5120c7ec898c4c7907cb069ed048f73cd697035da36caf800a8c8b8419"
"linux/amd64" = "sha256:61fbcaa4c6ddcbcb4fb1240daf970c376b312680cb604e2affb36af0c76f36e1"
"linux/arm64" = "sha256:f62bfaee46fe0b18c54da7c13c94b632960ab8a65a9b925d16c42c02dd81675a"
"windows/amd64" = "sha256:92239939f45a1bcb338d5faa6e3a4c8879431655401270579b5b20623d1cf740"
"windows/arm64" = "sha256:b2892cebf7529749f0d4436d6cf9fa7c55d62d53a3b23a2f4c8c05fc836f540c"

[[tool]]
name = "uv"
group = "default"
repository = "ocx.sh/uv"

[tool.platforms]
"darwin/amd64" = "sha256:ffee196e71773fe4a3d1c180221804ccccd814ac7036eab6066907abe9a7072c"
"darwin/arm64" = "sha256:a2c8370dd8f2ca5bb09867dd43c5ecb0c19bdf75a626921eea4265da803b23cd"
"linux/amd64" = "sha256:97447c9d5e7d13ca11f99d5d386a2ed75c63a48fb4bcac401b56ff6367d4d152"
"linux/arm64" = "sha256:4cd2c695b5310a60310f97bb80de94a2379e2b4ab4bb19d455f6f7aaf0aec0af"
"windows/amd64" = "sha256:4c3dc7fc3b155a374f289ea02abd7742650cb9fb9fc607277ff9afceb6302b9f"
"windows/arm64" = "sha256:dc121070eaf47f3b5ccf33d4171b722d11e459e8fc5ac13bdc34f203371c610b"
