[metadata]
lock_version = 2
declaration_hash_version = 1
declaration_hash = "sha256:f4b2d28ae17a75f882548051afdf5b6fc2c2c327f77ebb941f35e66a977ae85c"
generated_by = "ocx 0.4.2"
generated_at = "2026-07-09T06:45:53Z"

[[tool]]
name = "cli"
group = "default"
repository = "dev.ocx.sh/ocx/cli"

[tool.platforms]
"darwin/amd64" = "sha256:fc567e468951c5c148204b730de559a4fda3ec3e42f618cfaf3141434582200d"
"darwin/arm64" = "sha256:15d300fcaac49d0f0b0cbb516d68e01cf99da7be216e51bec4a53d7a6b7cea6e"
"linux/amd64" = "sha256:579c467a7e647ab25feef38961fbcecbf6242373444c4a981721e88d14130aa4"
"linux/arm64" = "sha256:0fb0b0b9c3b680cf127326fc8e792e74556cf4bd110f5a5d4fce17b2157d3957"
"windows/amd64" = "sha256:d17555b9b81f7a453e8bf0924456902fe58f8d48cb2a5b1149f7e22b2ce3dbee"
"windows/arm64" = "sha256:78c68ac3e22b7ab047638c3c261dc3f2da5413fadf18acb2af7be8fba2228e7c"

[[tool]]
name = "mirror"
group = "default"
repository = "dev.ocx.sh/ocx/mirror"

[tool.platforms]
"darwin/amd64" = "sha256:f51e6e389ae8ab77f82021c0b871281a73a3c57036d919cc54126a6afa240ca1"
"darwin/arm64" = "sha256:0cef2300eb7c1133728297561e5d32c6262f29aef5c237d859971ea44fcadc60"
"linux/amd64" = "sha256:d78ecf6c308e468b112c128040ce36165fc52dea5d56ded2740b4732e940ba65"
"linux/arm64" = "sha256:6bd86f718b0ddd366483883f808c66eba15e947e4da4f61953193e403885fe72"
"windows/amd64" = "sha256:20c9e71ddbe41a678b7e13781b38d5bade9f8e418bb953d131e7ffd4324a38f4"
"windows/arm64" = "sha256:9c4efef2e7166e37bf07c993ad5a7c61e1d43c819ee40d74aad2c8f4c96b6313"

[[tool]]
name = "uv"
group = "default"
repository = "ocx.sh/uv"

[tool.platforms]
"darwin/amd64" = "sha256:ffee196e71773fe4a3d1c180221804ccccd814ac7036eab6066907abe9a7072c"
"darwin/arm64" = "sha256:a2c8370dd8f2ca5bb09867dd43c5ecb0c19bdf75a626921eea4265da803b23cd"
"linux/amd64" = "sha256:97447c9d5e7d13ca11f99d5d386a2ed75c63a48fb4bcac401b56ff6367d4d152"
"linux/arm64" = "sha256:4cd2c695b5310a60310f97bb80de94a2379e2b4ab4bb19d455f6f7aaf0aec0af"
"windows/amd64" = "sha256:4c3dc7fc3b155a374f289ea02abd7742650cb9fb9fc607277ff9afceb6302b9f"
"windows/arm64" = "sha256:dc121070eaf47f3b5ccf33d4171b722d11e459e8fc5ac13bdc34f203371c610b"
