[metadata]
lock_version = 2
declaration_hash_version = 1
declaration_hash = "sha256:489fd2c5fad52030f700a562c4385c421966a2450641c60f90549f1db13ec2d0"
generated_by = "ocx 0.4.1"
generated_at = "2026-07-04T15:09:27Z"

[[tool]]
name = "cli"
group = "default"
repository = "ocx.sh/ocx/cli"

[tool.platforms]
"darwin/amd64" = "sha256:e9aea5a55a4ab1a9deca83c6af4497e17f776fcaef72fc17618ed2139d0e4a0c"
"darwin/arm64" = "sha256:5ec9f1e738928736331b308a0d734fae0a4aeec8b5091f79cb5d4ddeaf5d50aa"
"linux/amd64" = "sha256:d328dcefa4f947d50dc634046f62e5a0664a5718db61802ad302575ab70f59ac"
"linux/arm64" = "sha256:6c5fa825c74d53bee262b3aa3de82a064d77f962365a55bb06d4b6ffeb49918e"
"windows/amd64" = "sha256:243e0dc8c8f4243f717ee6b7957fb9970e1588883833b51cd02da66bc1231648"
"windows/arm64" = "sha256:6117484b86035cdc502cbc26f8ae474196be3c9ee84ac8cb87e97f044f85c8de"

[[tool]]
name = "mirror"
group = "default"
repository = "dev.ocx.sh/ocx/mirror"

[tool.platforms]
"darwin/amd64" = "sha256:69ee7845646fc082eee9b47225d4637c16375e5ae81aab8bddd131c54a72ae05"
"darwin/arm64" = "sha256:5f0d6e97f049a8925d04ea81f9aeea73c6e491d910b1c751f571e336e556281b"
"linux/amd64" = "sha256:6817c9da5e540b407c29ae05573900607f7e073db05dd72d4fb5eb7110d23406"
"linux/arm64" = "sha256:a1b71d07ce94b6fba30c2ebc8acf1fd705749b829514ebd995cc53ea22e9a2c6"
"windows/amd64" = "sha256:96b77a7578a963dc5fcf6d1c10d92c04b9fc3f86c2cf43720d5b0d0ab3954e52"
"windows/arm64" = "sha256:0e460ea5b0f9d809e4b2e924050ed6b813c5575917ae8eb34e5f86b931de7324"

[[tool]]
name = "uv"
group = "default"
repository = "ocx.sh/uv"

[tool.platforms]
"darwin/amd64" = "sha256:ffee196e71773fe4a3d1c180221804ccccd814ac7036eab6066907abe9a7072c"
"darwin/arm64" = "sha256:a2c8370dd8f2ca5bb09867dd43c5ecb0c19bdf75a626921eea4265da803b23cd"
"linux/amd64" = "sha256:97447c9d5e7d13ca11f99d5d386a2ed75c63a48fb4bcac401b56ff6367d4d152"
"linux/arm64" = "sha256:4cd2c695b5310a60310f97bb80de94a2379e2b4ab4bb19d455f6f7aaf0aec0af"
"windows/amd64" = "sha256:4c3dc7fc3b155a374f289ea02abd7742650cb9fb9fc607277ff9afceb6302b9f"
"windows/arm64" = "sha256:dc121070eaf47f3b5ccf33d4171b722d11e459e8fc5ac13bdc34f203371c610b"
